PODS:
  - Alamofire (4.7.3)
  - GoogleMaps (2.7.0):
    - GoogleMaps/Maps (= 2.7.0)
  - GoogleMaps/Base (2.7.0)
  - GoogleMaps/Maps (2.7.0):
    - GoogleMaps/Base
  - GooglePlaces (2.7.0):
    - GoogleMaps/Base (= 2.7.0)
  - Moya (11.0.2):
    - Moya/Core (= 11.0.2)
  - Moya/Core (11.0.2):
    - Alamofire (~> 4.1)
    - Result (~> 3.0)
  - Realm (3.8.0):
    - Realm/Headers (= 3.8.0)
  - Realm/Headers (3.8.0)
  - RealmSwift (3.8.0):
    - Realm (= 3.8.0)
  - Result (3.2.4)

DEPENDENCIES:
  - GoogleMaps
  - GooglePlaces
  - Moya
  - RealmSwift

SPEC REPOS:
  https://github.com/CocoaPods/Specs.git:
    - Alamofire
    - GoogleMaps
    - GooglePlaces
    - Moya
    - Realm
    - RealmSwift
    - Result

SPEC CHECKSUMS:
  Alamofire: c7287b6e5d7da964a70935e5db17046b7fde6568
  GoogleMaps: f79af95cb24d869457b1f961c93d3ce8b2f3b848
  GooglePlaces: 3d06e6c99654545b4738ce49648745779c25f2ef
  Moya: a725035953bc1c0eb1be505ab903984501d82440
  Realm: 3fdae59de78838064e9f77638d7cdb7b8cff9dc8
  RealmSwift: c990518b800e106d1f77099d3a4648c3b100337d
  Result: d2d07204ce72856f1fd9130bbe42c35a7b0fea10

PODFILE CHECKSUM: c907ef4839357ed9feedf8daba196cb426f0440e

COCOAPODS: 1.5.0
